
Microsoft Visual Studio Solution File, Format Version 12.00
# Visual Studio 2010
Project("{F184B08F-C81C-45F6-A57F-5ABD9991F28F}") = "EmailInterface", "SMSInterface\EmailInterface.vbproj", "{060F96FC-0296-4B2A-991E-6E10AB356885}"
EndProject
Global
	GlobalSection(SolutionConfigurationPlatforms) = preSolution
		Debug|x86 = Debug|x86
		Release|x86 = Release|x86
	EndGlobalSection
	GlobalSection(ProjectConfigurationPlatforms) = postSolution
		{060F96FC-0296-4B2A-991E-6E10AB356885}.Debug|x86.ActiveCfg = Debug|x86
		{060F96FC-0296-4B2A-991E-6E10AB356885}.Debug|x86.Build.0 = Debug|x86
		{060F96FC-0296-4B2A-991E-6E10AB356885}.Release|x86.ActiveCfg = Release|x86
		{060F96FC-0296-4B2A-991E-6E10AB356885}.Release|x86.Build.0 = Release|x86
	EndGlobalSection
	GlobalSection(SolutionProperties) = preSolution
		HideSolutionNode = FALSE
	EndGlobalSection
EndGlobal
